
Microsoft Visual Studio Solution File, Format Version 12.00
# Visual Studio Version 17
VisualStudioVersion = 17.6.33712.159
MinimumVisualStudioVersion = 10.0.40219.1
Project("{FAE04EC0-301F-11D3-BF4B-00C04F79EFBC}") = "Katas.NetCore.PasswordChecker.Tests", "Katas.NetCore.PasswordChecker.Tests\Katas.NetCore.PasswordChecker.Tests.csproj", "{6309B15A-A7A0-4AD8-8973-C1461978DB32}"
EndProject
Project("{FAE04EC0-301F-11D3-BF4B-00C04F79EFBC}") = "Katas.NetCore.PasswordChecker", "Katas.NetCore.PasswordChecker\Katas.NetCore.PasswordChecker.csproj", "{94212BFF-34E6-49FE-8D49-596AD8AB953F}"
EndProject
Project("{FAE04EC0-301F-11D3-BF4B-00C04F79EFBC}") = "LoginForm", "LoginForm\LoginForm.csproj", "{ADBE71AD-3DB4-4AB5-B8D8-81F550046423}"
EndProject
Global
	GlobalSection(SolutionConfigurationPlatforms) = preSolution
		Debug|Any CPU = Debug|Any CPU
		Release|Any CPU = Release|Any CPU
	EndGlobalSection
	GlobalSection(ProjectConfigurationPlatforms) = postSolution
		{6309B15A-A7A0-4AD8-8973-C1461978DB32}.Debug|Any CPU.ActiveCfg = Debug|Any CPU
		{6309B15A-A7A0-4AD8-8973-C1461978DB32}.Debug|Any CPU.Build.0 = Debug|Any CPU
		{6309B15A-A7A0-4AD8-8973-C1461978DB32}.Release|Any CPU.ActiveCfg = Release|Any CPU
		{6309B15A-A7A0-4AD8-8973-C1461978DB32}.Release|Any CPU.Build.0 = Release|Any CPU
		{94212BFF-34E6-49FE-8D49-596AD8AB953F}.Debug|Any CPU.ActiveCfg = Debug|Any CPU
		{94212BFF-34E6-49FE-8D49-596AD8AB953F}.Debug|Any CPU.Build.0 = Debug|Any CPU
		{94212BFF-34E6-49FE-8D49-596AD8AB953F}.Release|Any CPU.ActiveCfg = Release|Any CPU
		{94212BFF-34E6-49FE-8D49-596AD8AB953F}.Release|Any CPU.Build.0 = Release|Any CPU
		{ADBE71AD-3DB4-4AB5-B8D8-81F550046423}.Debug|Any CPU.ActiveCfg = Debug|Any CPU
		{ADBE71AD-3DB4-4AB5-B8D8-81F550046423}.Debug|Any CPU.Build.0 = Debug|Any CPU
		{ADBE71AD-3DB4-4AB5-B8D8-81F550046423}.Release|Any CPU.ActiveCfg = Release|Any CPU
		{ADBE71AD-3DB4-4AB5-B8D8-81F550046423}.Release|Any CPU.Build.0 = Release|Any CPU
	EndGlobalSection
	GlobalSection(SolutionProperties) = preSolution
		HideSolutionNode = FALSE
	EndGlobalSection
	GlobalSection(ExtensibilityGlobals) = postSolution
		SolutionGuid = {606D6CF0-8BF0-4C12-AEF4-8F49A4674CC3}
	EndGlobalSection
EndGlobal
